
Microsoft Visual Studio Solution File, Format Version 12.00
# Visual Studio Version 17
VisualStudioVersion = 17.7.34003.232
MinimumVisualStudioVersion = 10.0.40219.1
Project("{FAE04EC0-301F-11D3-BF4B-00C04F79EFBC}") = "Starkwood RPS", "Starkwood RPS.csproj", "{0E89F860-C286-47F4-8238-FD86C06274C9}"
EndProject
Global
	GlobalSection(SolutionConfigurationPlatforms) = preSolution
		Debug|Any CPU = Debug|Any CPU
		Release|Any CPU = Release|Any CPU
	EndGlobalSection
	GlobalSection(ProjectConfigurationPlatforms) = postSolution
		{0E89F860-C286-47F4-8238-FD86C06274C9}.Debug|Any CPU.ActiveCfg = Debug|Any CPU
		{0E89F860-C286-47F4-8238-FD86C06274C9}.Debug|Any CPU.Build.0 = Debug|Any CPU
		{0E89F860-C286-47F4-8238-FD86C06274C9}.Release|Any CPU.ActiveCfg = Release|Any CPU
		{0E89F860-C286-47F4-8238-FD86C06274C9}.Release|Any CPU.Build.0 = Release|Any CPU
	EndGlobalSection
	GlobalSection(SolutionProperties) = preSolution
		HideSolutionNode = FALSE
	EndGlobalSection
	GlobalSection(ExtensibilityGlobals) = postSolution
		SolutionGuid = {05438D38-362C-4B8F-BFE1-F4E2FC6AEEC3}
	EndGlobalSection
EndGlobal
